
Microsoft Visual Studio Solution File, Format Version 12.00
# Visual Studio Version 17
VisualStudioVersion = 17.9.34607.119
MinimumVisualStudioVersion = 10.0.40219.1
Project("{9A19103F-16F7-4668-BE54-9A1E7A4F7556}") = "Linear-Search-Agorithm", "Linear-Search-Agorithm\Linear-Search-Agorithm.csproj", "{09B38FEA-ADA0-4BB9-BF6F-712D8423F7F5}"
EndProject
Project("{9A19103F-16F7-4668-BE54-9A1E7A4F7556}") = "Binary-Search-Algorithm", "Binary-Search-Algorithm\Binary-Search-Algorithm.csproj", "{A847D42F-23BF-4246-AEE4-2FD89E5D9A12}"
EndProject
Project("{9A19103F-16F7-4668-BE54-9A1E7A4F7556}") = "Jump-Search-Algorithm", "Jump-Search-Algorithm\Jump-Search-Algorithm.csproj", "{8696CC4D-5151-44ED-86CF-8F80198368A1}"
EndProject
Project("{9A19103F-16F7-4668-BE54-9A1E7A4F7556}") = "Insertion-Sort-Algorithm", "Insertion-Sort-Algorithm\Insertion-Sort-Algorithm.csproj", "{94752406-5B27-41F7-93A3-01631041DA4F}"
EndProject
Project("{9A19103F-16F7-4668-BE54-9A1E7A4F7556}") = "Quick-Sort-Algorithm", "Quick-Sort-Algorithm\Quick-Sort-Algorithm.csproj", "{F7A42D15-844D-42C2-9B3E-15F9CF196713}"
EndProject
Project("{FAE04EC0-301F-11D3-BF4B-00C04F79EFBC}") = "Bubble-Sort-Algorithm", "Bubble-Sort-Algorithm\Bubble-Sort-Algorithm.csproj", "{5FD10247-DA33-4E34-87A0-A6A3DB471C1F}"
EndProject
Global
	GlobalSection(SolutionConfigurationPlatforms) = preSolution
		Debug|Any CPU = Debug|Any CPU
		Release|Any CPU = Release|Any CPU
	EndGlobalSection
	GlobalSection(ProjectConfigurationPlatforms) = postSolution
		{09B38FEA-ADA0-4BB9-BF6F-712D8423F7F5}.Debug|Any CPU.ActiveCfg = Debug|Any CPU
		{09B38FEA-ADA0-4BB9-BF6F-712D8423F7F5}.Debug|Any CPU.Build.0 = Debug|Any CPU
		{09B38FEA-ADA0-4BB9-BF6F-712D8423F7F5}.Release|Any CPU.ActiveCfg = Release|Any CPU
		{09B38FEA-ADA0-4BB9-BF6F-712D8423F7F5}.Release|Any CPU.Build.0 = Release|Any CPU
		{A847D42F-23BF-4246-AEE4-2FD89E5D9A12}.Debug|Any CPU.ActiveCfg = Debug|Any CPU
		{A847D42F-23BF-4246-AEE4-2FD89E5D9A12}.Debug|Any CPU.Build.0 = Debug|Any CPU
		{A847D42F-23BF-4246-AEE4-2FD89E5D9A12}.Release|Any CPU.ActiveCfg = Release|Any CPU
		{A847D42F-23BF-4246-AEE4-2FD89E5D9A12}.Release|Any CPU.Build.0 = Release|Any CPU
		{8696CC4D-5151-44ED-86CF-8F80198368A1}.Debug|Any CPU.ActiveCfg = Debug|Any CPU
		{8696CC4D-5151-44ED-86CF-8F80198368A1}.Debug|Any CPU.Build.0 = Debug|Any CPU
		{8696CC4D-5151-44ED-86CF-8F80198368A1}.Release|Any CPU.ActiveCfg = Release|Any CPU
		{8696CC4D-5151-44ED-86CF-8F80198368A1}.Release|Any CPU.Build.0 = Release|Any CPU
		{94752406-5B27-41F7-93A3-01631041DA4F}.Debug|Any CPU.ActiveCfg = Debug|Any CPU
		{94752406-5B27-41F7-93A3-01631041DA4F}.Debug|Any CPU.Build.0 = Debug|Any CPU
		{94752406-5B27-41F7-93A3-01631041DA4F}.Release|Any CPU.ActiveCfg = Release|Any CPU
		{94752406-5B27-41F7-93A3-01631041DA4F}.Release|Any CPU.Build.0 = Release|Any CPU
		{F7A42D15-844D-42C2-9B3E-15F9CF196713}.Debug|Any CPU.ActiveCfg = Debug|Any CPU
		{F7A42D15-844D-42C2-9B3E-15F9CF196713}.Debug|Any CPU.Build.0 = Debug|Any CPU
		{F7A42D15-844D-42C2-9B3E-15F9CF196713}.Release|Any CPU.ActiveCfg = Release|Any CPU
		{F7A42D15-844D-42C2-9B3E-15F9CF196713}.Release|Any CPU.Build.0 = Release|Any CPU
		{5FD10247-DA33-4E34-87A0-A6A3DB471C1F}.Debug|Any CPU.ActiveCfg = Debug|Any CPU
		{5FD10247-DA33-4E34-87A0-A6A3DB471C1F}.Debug|Any CPU.Build.0 = Debug|Any CPU
		{5FD10247-DA33-4E34-87A0-A6A3DB471C1F}.Release|Any CPU.ActiveCfg = Release|Any CPU
		{5FD10247-DA33-4E34-87A0-A6A3DB471C1F}.Release|Any CPU.Build.0 = Release|Any CPU
	EndGlobalSection
	GlobalSection(SolutionProperties) = preSolution
		HideSolutionNode = FALSE
	EndGlobalSection
	GlobalSection(ExtensibilityGlobals) = postSolution
		SolutionGuid = {6CD01273-5136-4CE8-9727-FA106116279A}
	EndGlobalSection
EndGlobal
